
Microsoft Visual Studio Solution File, Format Version 12.00
# Visual Studio Version 17
VisualStudioVersion = 17.0.31903.59
MinimumVisualStudioVersion = 10.0.40219.1
Project("{2150E333-8FDC-42A3-9474-1A3956D46DE8}") = "src", "src", "{A33C8ABD-E79E-4A57-9A33-CAD12BEBE838}"
EndProject
Project("{FAE04EC0-301F-11D3-BF4B-00C04F79EFBC}") = "server", "src\server\server.csproj", "{583BA783-03D7-445E-8026-EC5E9C24F096}"
EndProject
Global
	GlobalSection(SolutionConfigurationPlatforms) = preSolution
		Debug|Any CPU = Debug|Any CPU
		Release|Any CPU = Release|Any CPU
	EndGlobalSection
	GlobalSection(SolutionProperties) = preSolution
		HideSolutionNode = FALSE
	EndGlobalSection
	GlobalSection(ProjectConfigurationPlatforms) = postSolution
		{583BA783-03D7-445E-8026-EC5E9C24F096}.Debug|Any CPU.ActiveCfg = Debug|Any CPU
		{583BA783-03D7-445E-8026-EC5E9C24F096}.Debug|Any CPU.Build.0 = Debug|Any CPU
		{583BA783-03D7-445E-8026-EC5E9C24F096}.Release|Any CPU.ActiveCfg = Release|Any CPU
		{583BA783-03D7-445E-8026-EC5E9C24F096}.Release|Any CPU.Build.0 = Release|Any CPU
		{5D8772C2-06FB-42F4-AC09-F6057C9682B6}.Debug|Any CPU.ActiveCfg = Debug|Any CPU
		{5D8772C2-06FB-42F4-AC09-F6057C9682B6}.Debug|Any CPU.Build.0 = Debug|Any CPU
		{5D8772C2-06FB-42F4-AC09-F6057C9682B6}.Release|Any CPU.ActiveCfg = Release|Any CPU
		{5D8772C2-06FB-42F4-AC09-F6057C9682B6}.Release|Any CPU.Build.0 = Release|Any CPU
	EndGlobalSection
	GlobalSection(NestedProjects) = preSolution
		{583BA783-03D7-445E-8026-EC5E9C24F096} = {A33C8ABD-E79E-4A57-9A33-CAD12BEBE838}
		{7C85EB7E-BAAB-49D3-8A35-C5EE535B950A} = {A33C8ABD-E79E-4A57-9A33-CAD12BEBE838}
		{5D8772C2-06FB-42F4-AC09-F6057C9682B6} = {7C85EB7E-BAAB-49D3-8A35-C5EE535B950A}
	EndGlobalSection
EndGlobal
